// !$*UTF8*$!
{
	archiveVersion = 1;
	classes = {
	};
	objectVersion = 51;
	objects = {

/* Begin PBXBuildFile section */
		2959E0DF23C660BB00D0F98E /* ARSceneViewController.swift in Sources */ = {isa = PBXBuildFile; fileRef = 2959E0DE23C660BB00D0F98E /* ARSceneViewController.swift */; };
		2959E0E123C6911D00D0F98E /* AVPlayerViewController.swift in Sources */ = {isa = PBXBuildFile; fileRef = 2959E0E023C6911D00D0F98E /* AVPlayerViewController.swift */; };
		A539AF265FD05F5E8642A27C /* Pods_RemoteAssistance.framework in Frameworks */ = {isa = PBXBuildFile; fileRef = 13B86974C1A2796697CDFACD /* Pods_RemoteAssistance.framework */; };
		AD43D0CE23C68E5500AA4D24 /* QRCodeScanner.swift in Sources */ = {isa = PBXBuildFile; fileRef = AD43D0CD23C68E5500AA4D24 /* QRCodeScanner.swift */; };
		D7455DB82368BE77001594FA /* AppDelegate.swift in Sources */ = {isa = PBXBuildFile; fileRef = D7455DB72368BE77001594FA /* AppDelegate.swift */; };
		D7455DBA2368BE77001594FA /* ViewController.swift in Sources */ = {isa = PBXBuildFile; fileRef = D7455DB92368BE77001594FA /* ViewController.swift */; };
		D7455DBC2368BE77001594FA /* Experience.rcproject in Sources */ = {isa = PBXBuildFile; fileRef = D7455DBB2368BE77001594FA /* Experience.rcproject */; };
		D7455DBF2368BE77001594FA /* Main.storyboard in Resources */ = {isa = PBXBuildFile; fileRef = D7455DBD2368BE77001594FA /* Main.storyboard */; };
		D7455DC12368BE7F001594FA /* Assets.xcassets in Resources */ = {isa = PBXBuildFile; fileRef = D7455DC02368BE7F001594FA /* Assets.xcassets */; };
		D7455DC42368BE7F001594FA /* LaunchScreen.storyboard in Resources */ = {isa = PBXBuildFile; fileRef = D7455DC22368BE7F001594FA /* LaunchScreen.storyboard */; };
		D7455DCF2368BE7F001594FA /* RemoteAssistanceTests.swift in Sources */ = {isa = PBXBuildFile; fileRef = D7455DCE2368BE7F001594FA /* RemoteAssistanceTests.swift */; };
		D7455DDA2368BE80001594FA /* RemoteAssistanceUITests.swift in Sources */ = {isa = PBXBuildFile; fileRef = D7455DD92368BE80001594FA /* RemoteAssistanceUITests.swift */; };
		D795E76623A2E64800E97162 /* ChatViewController.swift in Sources */ = {isa = PBXBuildFile; fileRef = D795E76523A2E64800E97162 /* ChatViewController.swift */; };
		D7AF69FD23C8F097005B67D8 /* Ace.storyboard in Resources */ = {isa = PBXBuildFile; fileRef = D7AF69FC23C8F097005B67D8 /* Ace.storyboard */; };
		D7AF69FF23C8F0D0005B67D8 /* AppStoryboard.swift in Sources */ = {isa = PBXBuildFile; fileRef = D7AF69FE23C8F0D0005B67D8 /* AppStoryboard.swift */; };
		D7AF6A0123C8F4FD005B67D8 /* AceViewController.swift in Sources */ = {isa = PBXBuildFile; fileRef = D7AF6A0023C8F4FD005B67D8 /* AceViewController.swift */; };
		D7AF6A0423C8FD8D005B67D8 /* AceUIViewController.swift in Sources */ = {isa = PBXBuildFile; fileRef = D7AF6A0323C8FD8D005B67D8 /* AceUIViewController.swift */; };
		D7AF6A0623C90F91005B67D8 /* AceHandsViewController.swift in Sources */ = {isa = PBXBuildFile; fileRef = D7AF6A0523C90F91005B67D8 /* AceHandsViewController.swift */; };
		D7AF6A0823C9151C005B67D8 /* AceARViewController.swift in Sources */ = {isa = PBXBuildFile; fileRef = D7AF6A0723C9151C005B67D8 /* AceARViewController.swift */; };
		D7DA20D723AAE7CA005B1357 /* WA3DLib.framework in Frameworks */ = {isa = PBXBuildFile; fileRef = D7DA20CD23AAE255005B1357 /* WA3DLib.framework */; };
		D7DA20D823AAE7CA005B1357 /* WA3DLib.framework in Embed Frameworks */ = {isa = PBXBuildFile; fileRef = D7DA20CD23AAE255005B1357 /* WA3DLib.framework */; settings = {ATTRIBUTES = (CodeSignOnCopy, RemoveHeadersOnCopy, ); }; };
		D7DA31EB239ECFCE00D1B73F /* SCNVector3+Extensions.swift in Sources */ = {isa = PBXBuildFile; fileRef = D7DA31E1239ECFCE00D1B73F /* SCNVector3+Extensions.swift */; };
		D7DA31EC239ECFCE00D1B73F /* UIView+Extensions.swift in Sources */ = {isa = PBXBuildFile; fileRef = D7DA31E2239ECFCE00D1B73F /* UIView+Extensions.swift */; };
		D7DA31ED239ECFCE00D1B73F /* ARHitTestResult+Extensions.swift in Sources */ = {isa = PBXBuildFile; fileRef = D7DA31E3239ECFCE00D1B73F /* ARHitTestResult+Extensions.swift */; };
		D7DA31EE239ECFCE00D1B73F /* Collection+Extensions.swift in Sources */ = {isa = PBXBuildFile; fileRef = D7DA31E4239ECFCE00D1B73F /* Collection+Extensions.swift */; };
		D7DA31EF239ECFCE00D1B73F /* RectangleNode.swift in Sources */ = {isa = PBXBuildFile; fileRef = D7DA31E6239ECFCE00D1B73F /* RectangleNode.swift */; };
		D7DA31F0239ECFCE00D1B73F /* SurfaceNode.swift in Sources */ = {isa = PBXBuildFile; fileRef = D7DA31E7239ECFCE00D1B73F /* SurfaceNode.swift */; };
		D7DA31F1239ECFCE00D1B73F /* PlaneRectangle.swift in Sources */ = {isa = PBXBuildFile; fileRef = D7DA31E8239ECFCE00D1B73F /* PlaneRectangle.swift */; };
		D7DA31F2239ECFCE00D1B73F /* Message.swift in Sources */ = {isa = PBXBuildFile; fileRef = D7DA31E9239ECFCE00D1B73F /* Message.swift */; };
		D7DA31F4239ED04600D1B73F /* SARViewController.swift in Sources */ = {isa = PBXBuildFile; fileRef = D7DA31F3239ED04600D1B73F /* SARViewController.swift */; };
		D7DB69EB236DE2D500D7C367 /* Leapmotion_Handsolo_Rig_Right.dae in Resources */ = {isa = PBXBuildFile; fileRef = D7DB69DD236DE2D500D7C367 /* Leapmotion_Handsolo_Rig_Right.dae */; };
		D7DB69EF236DE2D500D7C367 /* Leapmotion_Handsolo_Rig_Left.dae in Resources */ = {isa = PBXBuildFile; fileRef = D7DB69E1236DE2D500D7C367 /* Leapmotion_Handsolo_Rig_Left.dae */; };
		D7DB69F0236DE2D500D7C367 /* materialdesignicons-webfont.ttf in Resources */ = {isa = PBXBuildFile; fileRef = D7DB69E2236DE2D500D7C367 /* materialdesignicons-webfont.ttf */; };
		D7DB69F8236DE35100D7C367 /* MathExtension.swift in Sources */ = {isa = PBXBuildFile; fileRef = D7DB69F6236DE35100D7C367 /* MathExtension.swift */; };
		D7DB69F9236DE35100D7C367 /* WRTCClient.swift in Sources */ = {isa = PBXBuildFile; fileRef = D7DB69F7236DE35100D7C367 /* WRTCClient.swift */; };
		D7DB69FC236DE49A00D7C367 /* ArrowNode.swift in Sources */ = {isa = PBXBuildFile; fileRef = D7DB69FB236DE49A00D7C367 /* ArrowNode.swift */; };
		D7DB6A01236DE67000D7C367 /* TSViewController.swift in Sources */ = {isa = PBXBuildFile; fileRef = D7DB69FF236DE67000D7C367 /* TSViewController.swift */; };
		D7DB6A02236DE67000D7C367 /* TSLeapMotion.swift in Sources */ = {isa = PBXBuildFile; fileRef = D7DB6A00236DE67000D7C367 /* TSLeapMotion.swift */; };
		D7DB6A04236DE6AA00D7C367 /* SocketIOManager.swift in Sources */ = {isa = PBXBuildFile; fileRef = D7DB6A03236DE6AA00D7C367 /* SocketIOManager.swift */; };
		D7DB6A06236DE6CC00D7C367 /* TSRemoteHands.swift in Sources */ = {isa = PBXBuildFile; fileRef = D7DB6A05236DE6CB00D7C367 /* TSRemoteHands.swift */; };
		D7DB6A0A236DE7C700D7C367 /* TSActions.swift in Sources */ = {isa = PBXBuildFile; fileRef = D7DB6A07236DE7C700D7C367 /* TSActions.swift */; };
		D7DB6A0B236DE7C700D7C367 /* TSReducer.swift in Sources */ = {isa = PBXBuildFile; fileRef = D7DB6A08236DE7C700D7C367 /* TSReducer.swift */; };
		D7DB6A0C236DE7C700D7C367 /* TSSwift.swift in Sources */ = {isa = PBXBuildFile; fileRef = D7DB6A09236DE7C700D7C367 /* TSSwift.swift */; };
		D7DB6A0E236DE91D00D7C367 /* SettingsViewController.swift in Sources */ = {isa = PBXBuildFile; fileRef = D7DB6A0D236DE91D00D7C367 /* SettingsViewController.swift */; };
		D7DB6A10236DF21C00D7C367 /* README.md in Resources */ = {isa = PBXBuildFile; fileRef = D7DB6A0F236DF21C00D7C367 /* README.md */; };
/* End PBXBuildFile section */

/* Begin PBXContainerItemProxy section */
		D7455DCB2368BE7F001594FA /* PBXContainerItemProxy */ = {
			isa = PBXContainerItemProxy;
			containerPortal = D7455DAC2368BE77001594FA /* Project object */;
			proxyType = 1;
			remoteGlobalIDString = D7455DB32368BE77001594FA;
			remoteInfo = RemoteAssistance;
		};
		D7455DD62368BE80001594FA /* PBXContainerItemProxy */ = {
			isa = PBXContainerItemProxy;
			containerPortal = D7455DAC2368BE77001594FA /* Project object */;
			proxyType = 1;
			remoteGlobalIDString = D7455DB32368BE77001594FA;
			remoteInfo = RemoteAssistance;
		};
/* End PBXContainerItemProxy section */

/* Begin PBXCopyFilesBuildPhase section */
		D7DA20D923AAE7CA005B1357 /* Embed Frameworks */ = {
			isa = PBXCopyFilesBuildPhase;
			buildActionMask = 2147483647;
			dstPath = "";
			dstSubfolderSpec = 10;
			files = (
				D7DA20D823AAE7CA005B1357 /* WA3DLib.framework in Embed Frameworks */,
			);
			name = "Embed Frameworks";
			runOnlyForDeploymentPostprocessing = 0;
		};
/* End PBXCopyFilesBuildPhase section */

/* Begin PBXFileReference section */
		13B86974C1A2796697CDFACD /* Pods_RemoteAssistance.framework */ = {isa = PBXFileReference; explicitFileType = wrapper.framework; includeInIndex = 0; path = Pods_RemoteAssistance.framework; sourceTree = BUILT_PRODUCTS_DIR; };
		2959E0DE23C660BB00D0F98E /* ARSceneViewController.swift */ = {isa = PBXFileReference; lastKnownFileType = sourcecode.swift; path = ARSceneViewController.swift; sourceTree = "<group>"; };
		2959E0E023C6911D00D0F98E /* AVPlayerViewController.swift */ = {isa = PBXFileReference; lastKnownFileType = sourcecode.swift; path = AVPlayerViewController.swift; sourceTree = "<group>"; };
		60AD71138BC3828FE41B6BA1 /* Pods-RemoteAssistance.debug.xcconfig */ = {isa = PBXFileReference; includeInIndex = 1; lastKnownFileType = text.xcconfig; name = "Pods-RemoteAssistance.debug.xcconfig"; path = "Pods/Target Support Files/Pods-RemoteAssistance/Pods-RemoteAssistance.debug.xcconfig"; sourceTree = "<group>"; };
		9AD6A81BBB56BA422FCA4EEC /* Pods-RemoteAssistance.debug.xcconfig */ = {isa = PBXFileReference; includeInIndex = 1; lastKnownFileType = text.xcconfig; name = "Pods-RemoteAssistance.debug.xcconfig"; path = "Target Support Files/Pods-RemoteAssistance/Pods-RemoteAssistance.debug.xcconfig"; sourceTree = "<group>"; };
		AD43D0CD23C68E5500AA4D24 /* QRCodeScanner.swift */ = {isa = PBXFileReference; lastKnownFileType = sourcecode.swift; path = QRCodeScanner.swift; sourceTree = "<group>"; };
		D009BE9F825C404208D2D25A /* Pods-RemoteAssistance.release.xcconfig */ = {isa = PBXFileReference; includeInIndex = 1; lastKnownFileType = text.xcconfig; name = "Pods-RemoteAssistance.release.xcconfig"; path = "Pods/Target Support Files/Pods-RemoteAssistance/Pods-RemoteAssistance.release.xcconfig"; sourceTree = "<group>"; };
		D7455DB42368BE77001594FA /* RemoteAssistance.app */ = {isa = PBXFileReference; explicitFileType = wrapper.application; includeInIndex = 0; path = RemoteAssistance.app; sourceTree = BUILT_PRODUCTS_DIR; };
		D7455DB72368BE77001594FA /* AppDelegate.swift */ = {isa = PBXFileReference; lastKnownFileType = sourcecode.swift; path = AppDelegate.swift; sourceTree = "<group>"; };
		D7455DB92368BE77001594FA /* ViewController.swift */ = {isa = PBXFileReference; lastKnownFileType = sourcecode.swift; path = ViewController.swift; sourceTree = "<group>"; };
		D7455DBB2368BE77001594FA /* Experience.rcproject */ = {isa = PBXFileReference; lastKnownFileType = file.rcproject; path = Experience.rcproject; sourceTree = "<group>"; };
		D7455DBE2368BE77001594FA /* Base */ = {isa = PBXFileReference; lastKnownFileType = file.storyboard; name = Base; path = Base.lproj/Main.storyboard; sourceTree = "<group>"; };
		D7455DC02368BE7F001594FA /* Assets.xcassets */ = {isa = PBXFileReference; lastKnownFileType = folder.assetcatalog; path = Assets.xcassets; sourceTree = "<group>"; };
		D7455DC32368BE7F001594FA /* Base */ = {isa = PBXFileReference; lastKnownFileType = file.storyboard; name = Base; path = Base.lproj/LaunchScreen.storyboard; sourceTree = "<group>"; };
		D7455DC52368BE7F001594FA /* Info.plist */ = {isa = PBXFileReference; lastKnownFileType = text.plist.xml; path = Info.plist; sourceTree = "<group>"; };
		D7455DCA2368BE7F001594FA /* RemoteAssistanceTests.xctest */ = {isa = PBXFileReference; explicitFileType = wrapper.cfbundle; includeInIndex = 0; path = RemoteAssistanceTests.xctest; sourceTree = BUILT_PRODUCTS_DIR; };
		D7455DCE2368BE7F001594FA /* RemoteAssistanceTests.swift */ = {isa = PBXFileReference; lastKnownFileType = sourcecode.swift; path = RemoteAssistanceTests.swift; sourceTree = "<group>"; };
		D7455DD02368BE7F001594FA /* Info.plist */ = {isa = PBXFileReference; lastKnownFileType = text.plist.xml; path = Info.plist; sourceTree = "<group>"; };
		D7455DD52368BE80001594FA /* RemoteAssistanceUITests.xctest */ = {isa = PBXFileReference; explicitFileType = wrapper.cfbundle; includeInIndex = 0; path = RemoteAssistanceUITests.xctest; sourceTree = BUILT_PRODUCTS_DIR; };
		D7455DD92368BE80001594FA /* RemoteAssistanceUITests.swift */ = {isa = PBXFileReference; lastKnownFileType = sourcecode.swift; path = RemoteAssistanceUITests.swift; sourceTree = "<group>"; };
		D7455DDB2368BE80001594FA /* Info.plist */ = {isa = PBXFileReference; lastKnownFileType = text.plist.xml; path = Info.plist; sourceTree = "<group>"; };
		D795E76523A2E64800E97162 /* ChatViewController.swift */ = {isa = PBXFileReference; lastKnownFileType = sourcecode.swift; path = ChatViewController.swift; sourceTree = "<group>"; };
		D7AF69FC23C8F097005B67D8 /* Ace.storyboard */ = {isa = PBXFileReference; fileEncoding = 4; lastKnownFileType = file.storyboard; path = Ace.storyboard; sourceTree = "<group>"; };
		D7AF69FE23C8F0D0005B67D8 /* AppStoryboard.swift */ = {isa = PBXFileReference; lastKnownFileType = sourcecode.swift; path = AppStoryboard.swift; sourceTree = "<group>"; };
		D7AF6A0023C8F4FD005B67D8 /* AceViewController.swift */ = {isa = PBXFileReference; lastKnownFileType = sourcecode.swift; path = AceViewController.swift; sourceTree = "<group>"; };
		D7AF6A0323C8FD8D005B67D8 /* AceUIViewController.swift */ = {isa = PBXFileReference; lastKnownFileType = sourcecode.swift; path = AceUIViewController.swift; sourceTree = "<group>"; };
		D7AF6A0523C90F91005B67D8 /* AceHandsViewController.swift */ = {isa = PBXFileReference; lastKnownFileType = sourcecode.swift; path = AceHandsViewController.swift; sourceTree = "<group>"; };
		D7AF6A0723C9151C005B67D8 /* AceARViewController.swift */ = {isa = PBXFileReference; lastKnownFileType = sourcecode.swift; path = AceARViewController.swift; sourceTree = "<group>"; };
		D7DA20CD23AAE255005B1357 /* WA3DLib.framework */ = {isa = PBXFileReference; lastKnownFileType = wrapper.framework; name = WA3DLib.framework; path = RemoteAssistance/Frameworks/WA3DLib.framework; sourceTree = "<group>"; };
		D7DA20CF23AAE366005B1357 /* Bridging-Header.h */ = {isa = PBXFileReference; lastKnownFileType = sourcecode.c.h; path = "Bridging-Header.h"; sourceTree = "<group>"; };
		D7DA31E1239ECFCE00D1B73F /* SCNVector3+Extensions.swift */ = {isa = PBXFileReference; fileEncoding = 4; lastKnownFileType = sourcecode.swift; path = "SCNVector3+Extensions.swift"; sourceTree = "<group>"; };
		D7DA31E2239ECFCE00D1B73F /* UIView+Extensions.swift */ = {isa = PBXFileReference; fileEncoding = 4; lastKnownFileType = sourcecode.swift; path = "UIView+Extensions.swift"; sourceTree = "<group>"; };
		D7DA31E3239ECFCE00D1B73F /* ARHitTestResult+Extensions.swift */ = {isa = PBXFileReference; fileEncoding = 4; lastKnownFileType = sourcecode.swift; path = "ARHitTestResult+Extensions.swift"; sourceTree = "<group>"; };
		D7DA31E4239ECFCE00D1B73F /* Collection+Extensions.swift */ = {isa = PBXFileReference; fileEncoding = 4; lastKnownFileType = sourcecode.swift; path = "Collection+Extensions.swift"; sourceTree = "<group>"; };
		D7DA31E6239ECFCE00D1B73F /* RectangleNode.swift */ = {isa = PBXFileReference; fileEncoding = 4; lastKnownFileType = sourcecode.swift; path = RectangleNode.swift; sourceTree = "<group>"; };
		D7DA31E7239ECFCE00D1B73F /* SurfaceNode.swift */ = {isa = PBXFileReference; fileEncoding = 4; lastKnownFileType = sourcecode.swift; path = SurfaceNode.swift; sourceTree = "<group>"; };
		D7DA31E8239ECFCE00D1B73F /* PlaneRectangle.swift */ = {isa = PBXFileReference; fileEncoding = 4; lastKnownFileType = sourcecode.swift; path = PlaneRectangle.swift; sourceTree = "<group>"; };
		D7DA31E9239ECFCE00D1B73F /* Message.swift */ = {isa = PBXFileReference; fileEncoding = 4; lastKnownFileType = sourcecode.swift; path = Message.swift; sourceTree = "<group>"; };
		D7DA31F3239ED04600D1B73F /* SARViewController.swift */ = {isa = PBXFileReference; fileEncoding = 4; lastKnownFileType = sourcecode.swift; path = SARViewController.swift; sourceTree = "<group>"; };
		D7DB69DD236DE2D500D7C367 /* Leapmotion_Handsolo_Rig_Right.dae */ = {isa = PBXFileReference; fileEncoding = 4; lastKnownFileType = text.xml.dae; path = Leapmotion_Handsolo_Rig_Right.dae; sourceTree = "<group>"; };
		D7DB69E1236DE2D500D7C367 /* Leapmotion_Handsolo_Rig_Left.dae */ = {isa = PBXFileReference; fileEncoding = 4; lastKnownFileType = text.xml.dae; path = Leapmotion_Handsolo_Rig_Left.dae; sourceTree = "<group>"; };
		D7DB69E2236DE2D500D7C367 /* materialdesignicons-webfont.ttf */ = {isa = PBXFileReference; lastKnownFileType = file; path = "materialdesignicons-webfont.ttf"; sourceTree = "<group>"; };
		D7DB69F6236DE35100D7C367 /* MathExtension.swift */ = {isa = PBXFileReference; fileEncoding = 4; lastKnownFileType = sourcecode.swift; path = MathExtension.swift; sourceTree = "<group>"; };
		D7DB69F7236DE35100D7C367 /* WRTCClient.swift */ = {isa = PBXFileReference; fileEncoding = 4; lastKnownFileType = sourcecode.swift; path = WRTCClient.swift; sourceTree = "<group>"; };
		D7DB69FB236DE49A00D7C367 /* ArrowNode.swift */ = {isa = PBXFileReference; fileEncoding = 4; lastKnownFileType = sourcecode.swift; path = ArrowNode.swift; sourceTree = "<group>"; };
		D7DB69FF236DE67000D7C367 /* TSViewController.swift */ = {isa = PBXFileReference; fileEncoding = 4; lastKnownFileType = sourcecode.swift; path = TSViewController.swift; sourceTree = "<group>"; };
		D7DB6A00236DE67000D7C367 /* TSLeapMotion.swift */ = {isa = PBXFileReference; fileEncoding = 4; lastKnownFileType = sourcecode.swift; path = TSLeapMotion.swift; sourceTree = "<group>"; };
		D7DB6A03236DE6AA00D7C367 /* SocketIOManager.swift */ = {isa = PBXFileReference; fileEncoding = 4; lastKnownFileType = sourcecode.swift; path = SocketIOManager.swift; sourceTree = "<group>"; };
		D7DB6A05236DE6CB00D7C367 /* TSRemoteHands.swift */ = {isa = PBXFileReference; fileEncoding = 4; lastKnownFileType = sourcecode.swift; path = TSRemoteHands.swift; sourceTree = "<group>"; };
		D7DB6A07236DE7C700D7C367 /* TSActions.swift */ = {isa = PBXFileReference; fileEncoding = 4; lastKnownFileType = sourcecode.swift; path = TSActions.swift; sourceTree = "<group>"; };
		D7DB6A08236DE7C700D7C367 /* TSReducer.swift */ = {isa = PBXFileReference; fileEncoding = 4; lastKnownFileType = sourcecode.swift; path = TSReducer.swift; sourceTree = "<group>"; };
		D7DB6A09236DE7C700D7C367 /* TSSwift.swift */ = {isa = PBXFileReference; fileEncoding = 4; lastKnownFileType = sourcecode.swift; path = TSSwift.swift; sourceTree = "<group>"; };
		D7DB6A0D236DE91D00D7C367 /* SettingsViewController.swift */ = {isa = PBXFileReference; fileEncoding = 4; lastKnownFileType = sourcecode.swift; path = SettingsViewController.swift; sourceTree = "<group>"; };
		D7DB6A0F236DF21C00D7C367 /* README.md */ = {isa = PBXFileReference; fileEncoding = 4; lastKnownFileType = net.daringfireball.markdown; path = README.md; sourceTree = "<group>"; };
		E2F10D05D152079F7937DA3B /* Pods-RemoteAssistance.release.xcconfig */ = {isa = PBXFileReference; includeInIndex = 1; lastKnownFileType = text.xcconfig; name = "Pods-RemoteAssistance.release.xcconfig"; path = "Target Support Files/Pods-RemoteAssistance/Pods-RemoteAssistance.release.xcconfig"; sourceTree = "<group>"; };
/* End PBXFileReference section */

/* Begin PBXFrameworksBuildPhase section */
		D7455DB12368BE77001594FA /* Frameworks */ = {
			isa = PBXFrameworksBuildPhase;
			buildActionMask = 2147483647;
			files = (
				A539AF265FD05F5E8642A27C /* Pods_RemoteAssistance.framework in Frameworks */,
				D7DA20D723AAE7CA005B1357 /* WA3DLib.framework in Frameworks */,
			);
			runOnlyForDeploymentPostprocessing = 0;
		};
		D7455DC72368BE7F001594FA /* Frameworks */ = {
			isa = PBXFrameworksBuildPhase;
			buildActionMask = 2147483647;
			files = (
			);
			runOnlyForDeploymentPostprocessing = 0;
		};
		D7455DD22368BE80001594FA /* Frameworks */ = {
			isa = PBXFrameworksBuildPhase;
			buildActionMask = 2147483647;
			files = (
			);
			runOnlyForDeploymentPostprocessing = 0;
		};
/* End PBXFrameworksBuildPhase section */

/* Begin PBXGroup section */
		2959E0DD23C65B6300D0F98E /* ObjectAnnotation */ = {
			isa = PBXGroup;
			children = (
				2959E0DE23C660BB00D0F98E /* ARSceneViewController.swift */,
				2959E0E023C6911D00D0F98E /* AVPlayerViewController.swift */,
			);
			path = ObjectAnnotation;
			sourceTree = "<group>";
		};
		2C3A091D90FD40735D9A68FB /* Pods */ = {
			isa = PBXGroup;
			children = (
				9AD6A81BBB56BA422FCA4EEC /* Pods-RemoteAssistance.debug.xcconfig */,
				E2F10D05D152079F7937DA3B /* Pods-RemoteAssistance.release.xcconfig */,
				60AD71138BC3828FE41B6BA1 /* Pods-RemoteAssistance.debug.xcconfig */,
				D009BE9F825C404208D2D25A /* Pods-RemoteAssistance.release.xcconfig */,
			);
			path = Pods;
			sourceTree = "<group>";
		};
		D7455DAB2368BE76001594FA = {
			isa = PBXGroup;
			children = (
				D7455DB62368BE77001594FA /* RemoteAssistance */,
				D7455DCD2368BE7F001594FA /* RemoteAssistanceTests */,
				D7455DD82368BE80001594FA /* RemoteAssistanceUITests */,
				D7455DB52368BE77001594FA /* Products */,
				2C3A091D90FD40735D9A68FB /* Pods */,
				EC96B5F1EDC46991221E5643 /* Frameworks */,
			);
			sourceTree = "<group>";
		};
		D7455DB52368BE77001594FA /* Products */ = {
			isa = PBXGroup;
			children = (
				D7455DB42368BE77001594FA /* RemoteAssistance.app */,
				D7455DCA2368BE7F001594FA /* RemoteAssistanceTests.xctest */,
				D7455DD52368BE80001594FA /* RemoteAssistanceUITests.xctest */,
			);
			name = Products;
			sourceTree = "<group>";
		};
		D7455DB62368BE77001594FA /* RemoteAssistance */ = {
			isa = PBXGroup;
			children = (
				D7DB6A0F236DF21C00D7C367 /* README.md */,
				D7455DB72368BE77001594FA /* AppDelegate.swift */,
				D7455DC02368BE7F001594FA /* Assets.xcassets */,
				D7455DBB2368BE77001594FA /* Experience.rcproject */,
				D7455DC52368BE7F001594FA /* Info.plist */,
				D7455DC22368BE7F001594FA /* LaunchScreen.storyboard */,
				D7455DBD2368BE77001594FA /* Main.storyboard */,
				D7455DB92368BE77001594FA /* ViewController.swift */,
				D795E76523A2E64800E97162 /* ChatViewController.swift */,
				AD43D0CD23C68E5500AA4D24 /* QRCodeScanner.swift */,
				D7DB6A0D236DE91D00D7C367 /* SettingsViewController.swift */,
				D7AF69FE23C8F0D0005B67D8 /* AppStoryboard.swift */,
				D7AF6A0223C8FCDB005B67D8 /* Ace */,
				2959E0DD23C65B6300D0F98E /* ObjectAnnotation */,
				D7DB69F5236DE35100D7C367 /* Common */,
				D7DA31DE239ECFCE00D1B73F /* ScreenAR */,
				D7DB69D8236DE2D500D7C367 /* TeleSkele */,
				D7DA20CF23AAE366005B1357 /* Bridging-Header.h */,
			);
			path = RemoteAssistance;
			sourceTree = "<group>";
		};
		D7455DCD2368BE7F001594FA /* RemoteAssistanceTests */ = {
			isa = PBXGroup;
			children = (
				D7455DCE2368BE7F001594FA /* RemoteAssistanceTests.swift */,
				D7455DD02368BE7F001594FA /* Info.plist */,
			);
			path = RemoteAssistanceTests;
			sourceTree = "<group>";
		};
		D7455DD82368BE80001594FA /* RemoteAssistanceUITests */ = {
			isa = PBXGroup;
			children = (
				D7455DD92368BE80001594FA /* RemoteAssistanceUITests.swift */,
				D7455DDB2368BE80001594FA /* Info.plist */,
			);
			path = RemoteAssistanceUITests;
			sourceTree = "<group>";
		};
		D7AF6A0223C8FCDB005B67D8 /* Ace */ = {
			isa = PBXGroup;
			children = (
				D7AF69FC23C8F097005B67D8 /* Ace.storyboard */,
				D7AF6A0023C8F4FD005B67D8 /* AceViewController.swift */,
				D7AF6A0723C9151C005B67D8 /* AceARViewController.swift */,
				D7AF6A0323C8FD8D005B67D8 /* AceUIViewController.swift */,
				D7AF6A0523C90F91005B67D8 /* AceHandsViewController.swift */,
			);
			path = Ace;
			sourceTree = "<group>";
		};
		D7DA31DE239ECFCE00D1B73F /* ScreenAR */ = {
			isa = PBXGroup;
			children = (
				D7DA31E0239ECFCE00D1B73F /* Extensions + Utilities */,
				D7DA31E5239ECFCE00D1B73F /* Nodes */,
				D7DA31E8239ECFCE00D1B73F /* PlaneRectangle.swift */,
				D7DA31E9239ECFCE00D1B73F /* Message.swift */,
				D7DA31F3239ED04600D1B73F /* SARViewController.swift */,
			);
			path = ScreenAR;
			sourceTree = "<group>";
		};
		D7DA31E0239ECFCE00D1B73F /* Extensions + Utilities */ = {
			isa = PBXGroup;
			children = (
				D7DA31E1239ECFCE00D1B73F /* SCNVector3+Extensions.swift */,
				D7DA31E2239ECFCE00D1B73F /* UIView+Extensions.swift */,
				D7DA31E3239ECFCE00D1B73F /* ARHitTestResult+Extensions.swift */,
				D7DA31E4239ECFCE00D1B73F /* Collection+Extensions.swift */,
			);
			path = "Extensions + Utilities";
			sourceTree = "<group>";
		};
		D7DA31E5239ECFCE00D1B73F /* Nodes */ = {
			isa = PBXGroup;
			children = (
				D7DA31E6239ECFCE00D1B73F /* RectangleNode.swift */,
				D7DA31E7239ECFCE00D1B73F /* SurfaceNode.swift */,
			);
			path = Nodes;
			sourceTree = "<group>";
		};
		D7DB69D8236DE2D500D7C367 /* TeleSkele */ = {
			isa = PBXGroup;
			children = (
				D7DB6A00236DE67000D7C367 /* TSLeapMotion.swift */,
				D7DB6A05236DE6CB00D7C367 /* TSRemoteHands.swift */,
				D7DB69FF236DE67000D7C367 /* TSViewController.swift */,
				D7DB69FA236DE49A00D7C367 /* Nodes */,
				D7DB69DB236DE2D500D7C367 /* Resources */,
				D7DB69E4236DE2D500D7C367 /* Redux */,
			);
			path = TeleSkele;
			sourceTree = "<group>";
		};
		D7DB69DB236DE2D500D7C367 /* Resources */ = {
			isa = PBXGroup;
			children = (
				D7DB69DD236DE2D500D7C367 /* Leapmotion_Handsolo_Rig_Right.dae */,
				D7DB69E1236DE2D500D7C367 /* Leapmotion_Handsolo_Rig_Left.dae */,
				D7DB69E2236DE2D500D7C367 /* materialdesignicons-webfont.ttf */,
			);
			path = Resources;
			sourceTree = "<group>";
		};
		D7DB69E4236DE2D500D7C367 /* Redux */ = {
			isa = PBXGroup;
			children = (
				D7DB6A07236DE7C700D7C367 /* TSActions.swift */,
				D7DB6A08236DE7C700D7C367 /* TSReducer.swift */,
				D7DB6A09236DE7C700D7C367 /* TSSwift.swift */,
			);
			path = Redux;
			sourceTree = "<group>";
		};
		D7DB69F5236DE35100D7C367 /* Common */ = {
			isa = PBXGroup;
			children = (
				D7DB69F6236DE35100D7C367 /* MathExtension.swift */,
				D7DB6A03236DE6AA00D7C367 /* SocketIOManager.swift */,
				D7DB69F7236DE35100D7C367 /* WRTCClient.swift */,
			);
			path = Common;
			sourceTree = "<group>";
		};
		D7DB69FA236DE49A00D7C367 /* Nodes */ = {
			isa = PBXGroup;
			children = (
				D7DB69FB236DE49A00D7C367 /* ArrowNode.swift */,
			);
			name = Nodes;
			path = RemoteAssistance/TeleSkele/Nodes;
			sourceTree = SOURCE_ROOT;
		};
		EC96B5F1EDC46991221E5643 /* Frameworks */ = {
			isa = PBXGroup;
			children = (
				D7DA20CD23AAE255005B1357 /* WA3DLib.framework */,
				13B86974C1A2796697CDFACD /* Pods_RemoteAssistance.framework */,
			);
			name = Frameworks;
			sourceTree = "<group>";
		};
/* End PBXGroup section */

/* Begin PBXNativeTarget section */
		D7455DB32368BE77001594FA /* RemoteAssistance */ = {
			isa = PBXNativeTarget;
			buildConfigurationList = D7455DDE2368BE80001594FA /* Build configuration list for PBXNativeTarget "RemoteAssistance" */;
			buildPhases = (
				C0BD49F8A052324F8F7987CF /* [CP] Check Pods Manifest.lock */,
				D7455DB02368BE77001594FA /* Sources */,
				D7455DB12368BE77001594FA /* Frameworks */,
				D7455DB22368BE77001594FA /* Resources */,
				992F350A43BF95EC7DFD2CB5 /* [CP] Embed Pods Frameworks */,
				D7DA20D923AAE7CA005B1357 /* Embed Frameworks */,
			);
			buildRules = (
			);
			dependencies = (
			);
			name = RemoteAssistance;
			productName = RemoteAssistance;
			productReference = D7455DB42368BE77001594FA /* RemoteAssistance.app */;
			productType = "com.apple.product-type.application";
		};
		D7455DC92368BE7F001594FA /* RemoteAssistanceTests */ = {
			isa = PBXNativeTarget;
			buildConfigurationList = D7455DE12368BE80001594FA /* Build configuration list for PBXNativeTarget "RemoteAssistanceTests" */;
			buildPhases = (
				D7455DC62368BE7F001594FA /* Sources */,
				D7455DC72368BE7F001594FA /* Frameworks */,
				D7455DC82368BE7F001594FA /* Resources */,
			);
			buildRules = (
			);
			dependencies = (
				D7455DCC2368BE7F001594FA /* PBXTargetDependency */,
			);
			name = RemoteAssistanceTests;
			productName = RemoteAssistanceTests;
			productReference = D7455DCA2368BE7F001594FA /* RemoteAssistanceTests.xctest */;
			productType = "com.apple.product-type.bundle.unit-test";
		};
		D7455DD42368BE80001594FA /* RemoteAssistanceUITests */ = {
			isa = PBXNativeTarget;
			buildConfigurationList = D7455DE42368BE80001594FA /* Build configuration list for PBXNativeTarget "RemoteAssistanceUITests" */;
			buildPhases = (
				D7455DD12368BE80001594FA /* Sources */,
				D7455DD22368BE80001594FA /* Frameworks */,
				D7455DD32368BE80001594FA /* Resources */,
			);
			buildRules = (
			);
			dependencies = (
				D7455DD72368BE80001594FA /* PBXTargetDependency */,
			);
			name = RemoteAssistanceUITests;
			productName = RemoteAssistanceUITests;
			productReference = D7455DD52368BE80001594FA /* RemoteAssistanceUITests.xctest */;
			productType = "com.apple.product-type.bundle.ui-testing";
		};
/* End PBXNativeTarget section */

/* Begin PBXProject section */
		D7455DAC2368BE77001594FA /* Project object */ = {
			isa = PBXProject;
			attributes = {
				LastSwiftUpdateCheck = 1110;
				LastUpgradeCheck = 1110;
				ORGANIZATIONNAME = FXPAL;
				TargetAttributes = {
					D7455DB32368BE77001594FA = {
						CreatedOnToolsVersion = 11.1;
					};
					D7455DC92368BE7F001594FA = {
						CreatedOnToolsVersion = 11.1;
						TestTargetID = D7455DB32368BE77001594FA;
					};
					D7455DD42368BE80001594FA = {
						CreatedOnToolsVersion = 11.1;
						TestTargetID = D7455DB32368BE77001594FA;
					};
				};
			};
			buildConfigurationList = D7455DAF2368BE77001594FA /* Build configuration list for PBXProject "RemoteAssistance" */;
			compatibilityVersion = "Xcode 9.3";
			developmentRegion = en;
			hasScannedForEncodings = 0;
			knownRegions = (
				en,
				Base,
			);
			mainGroup = D7455DAB2368BE76001594FA;
			productRefGroup = D7455DB52368BE77001594FA /* Products */;
			projectDirPath = "";
			projectRoot = "";
			targets = (
				D7455DB32368BE77001594FA /* RemoteAssistance */,
				D7455DC92368BE7F001594FA /* RemoteAssistanceTests */,
				D7455DD42368BE80001594FA /* RemoteAssistanceUITests */,
			);
		};
/* End PBXProject section */

/* Begin PBXResourcesBuildPhase section */
		D7455DB22368BE77001594FA /* Resources */ = {
			isa = PBXResourcesBuildPhase;
			buildActionMask = 2147483647;
			files = (
				D7DB69F0236DE2D500D7C367 /* materialdesignicons-webfont.ttf in Resources */,
				D7AF69FD23C8F097005B67D8 /* Ace.storyboard in Resources */,
				D7455DC42368BE7F001594FA /* LaunchScreen.storyboard in Resources */,
				D7DB69EB236DE2D500D7C367 /* Leapmotion_Handsolo_Rig_Right.dae in Resources */,
				D7DB6A10236DF21C00D7C367 /* README.md in Resources */,
				D7455DC12368BE7F001594FA /* Assets.xcassets in Resources */,
				D7455DBF2368BE77001594FA /* Main.storyboard in Resources */,
				D7DB69EF236DE2D500D7C367 /* Leapmotion_Handsolo_Rig_Left.dae in Resources */,
			);
			runOnlyForDeploymentPostprocessing = 0;
		};
		D7455DC82368BE7F001594FA /* Resources */ = {
			isa = PBXResourcesBuildPhase;
			buildActionMask = 2147483647;
			files = (
			);
			runOnlyForDeploymentPostprocessing = 0;
		};
		D7455DD32368BE80001594FA /* Resources */ = {
			isa = PBXResourcesBuildPhase;
			buildActionMask = 2147483647;
			files = (
			);
			runOnlyForDeploymentPostprocessing = 0;
		};
/* End PBXResourcesBuildPhase section */

/* Begin PBXShellScriptBuildPhase section */
		992F350A43BF95EC7DFD2CB5 /* [CP] Embed Pods Frameworks */ = {
			isa = PBXShellScriptBuildPhase;
			buildActionMask = 2147483647;
			files = (
			);
			inputFileListPaths = (
				"${PODS_ROOT}/Target Support Files/Pods-RemoteAssistance/Pods-RemoteAssistance-frameworks-${CONFIGURATION}-input-files.xcfilelist",
			);
			name = "[CP] Embed Pods Frameworks";
			outputFileListPaths = (
				"${PODS_ROOT}/Target Support Files/Pods-RemoteAssistance/Pods-RemoteAssistance-frameworks-${CONFIGURATION}-output-files.xcfilelist",
			);
			runOnlyForDeploymentPostprocessing = 0;
			shellPath = /bin/sh;
			shellScript = "\"${PODS_ROOT}/Target Support Files/Pods-RemoteAssistance/Pods-RemoteAssistance-frameworks.sh\"\n";
			showEnvVarsInLog = 0;
		};
		C0BD49F8A052324F8F7987CF /* [CP] Check Pods Manifest.lock */ = {
			isa = PBXShellScriptBuildPhase;
			buildActionMask = 2147483647;
			files = (
			);
			inputFileListPaths = (
			);
			inputPaths = (
				"${PODS_PODFILE_DIR_PATH}/Podfile.lock",
				"${PODS_ROOT}/Manifest.lock",
			);
			name = "[CP] Check Pods Manifest.lock";
			outputFileListPaths = (
			);
			outputPaths = (
				"$(DERIVED_FILE_DIR)/Pods-RemoteAssistance-checkManifestLockResult.txt",
			);
			runOnlyForDeploymentPostprocessing = 0;
			shellPath = /bin/sh;
			shellScript = "diff \"${PODS_PODFILE_DIR_PATH}/Podfile.lock\" \"${PODS_ROOT}/Manifest.lock\" > /dev/null\nif [ $? != 0 ] ; then\n    # print error to STDERR\n    echo \"error: The sandbox is not in sync with the Podfile.lock. Run 'pod install' or update your CocoaPods installation.\" >&2\n    exit 1\nfi\n# This output is used by Xcode 'outputs' to avoid re-running this script phase.\necho \"SUCCESS\" > \"${SCRIPT_OUTPUT_FILE_0}\"\n";
			showEnvVarsInLog = 0;
		};
/* End PBXShellScriptBuildPhase section */

/* Begin PBXSourcesBuildPhase section */
		D7455DB02368BE77001594FA /* Sources */ = {
			isa = PBXSourcesBuildPhase;
			buildActionMask = 2147483647;
			files = (
				D7455DBA2368BE77001594FA /* ViewController.swift in Sources */,
				D7DA31F4239ED04600D1B73F /* SARViewController.swift in Sources */,
				D7DB6A0C236DE7C700D7C367 /* TSSwift.swift in Sources */,
				D7DB6A06236DE6CC00D7C367 /* TSRemoteHands.swift in Sources */,
				D7455DB82368BE77001594FA /* AppDelegate.swift in Sources */,
				D7DA31F0239ECFCE00D1B73F /* SurfaceNode.swift in Sources */,
				D7DA31F1239ECFCE00D1B73F /* PlaneRectangle.swift in Sources */,
				D7DB6A0B236DE7C700D7C367 /* TSReducer.swift in Sources */,
				D7AF69FF23C8F0D0005B67D8 /* AppStoryboard.swift in Sources */,
				2959E0DF23C660BB00D0F98E /* ARSceneViewController.swift in Sources */,
				D7AF6A0423C8FD8D005B67D8 /* AceUIViewController.swift in Sources */,
				D7DA31ED239ECFCE00D1B73F /* ARHitTestResult+Extensions.swift in Sources */,
				AD43D0CE23C68E5500AA4D24 /* QRCodeScanner.swift in Sources */,
				D7DA31EC239ECFCE00D1B73F /* UIView+Extensions.swift in Sources */,
				D795E76623A2E64800E97162 /* ChatViewController.swift in Sources */,
				D7AF6A0823C9151C005B67D8 /* AceARViewController.swift in Sources */,
				2959E0E123C6911D00D0F98E /* AVPlayerViewController.swift in Sources */,
				D7DB6A0A236DE7C700D7C367 /* TSActions.swift in Sources */,
				D7DB6A0E236DE91D00D7C367 /* SettingsViewController.swift in Sources */,
				D7DB6A02236DE67000D7C367 /* TSLeapMotion.swift in Sources */,
				D7DA31EE239ECFCE00D1B73F /* Collection+Extensions.swift in Sources */,
				D7455DBC2368BE77001594FA /* Experience.rcproject in Sources */,
				D7DB6A01236DE67000D7C367 /* TSViewController.swift in Sources */,
				D7AF6A0623C90F91005B67D8 /* AceHandsViewController.swift in Sources */,
				D7DA31EB239ECFCE00D1B73F /* SCNVector3+Extensions.swift in Sources */,
				D7DA31F2239ECFCE00D1B73F /* Message.swift in Sources */,
				D7DB69F8236DE35100D7C367 /* MathExtension.swift in Sources */,
				D7DB6A04236DE6AA00D7C367 /* SocketIOManager.swift in Sources */,
				D7AF6A0123C8F4FD005B67D8 /* AceViewController.swift in Sources */,
				D7DA31EF239ECFCE00D1B73F /* RectangleNode.swift in Sources */,
				D7DB69F9236DE35100D7C367 /* WRTCClient.swift in Sources */,
				D7DB69FC236DE49A00D7C367 /* ArrowNode.swift in Sources */,
			);
			runOnlyForDeploymentPostprocessing = 0;
		};
		D7455DC62368BE7F001594FA /* Sources */ = {
			isa = PBXSourcesBuildPhase;
			buildActionMask = 2147483647;
			files = (
				D7455DCF2368BE7F001594FA /* RemoteAssistanceTests.swift in Sources */,
			);
			runOnlyForDeploymentPostprocessing = 0;
		};
		D7455DD12368BE80001594FA /* Sources */ = {
			isa = PBXSourcesBuildPhase;
			buildActionMask = 2147483647;
			files = (
				D7455DDA2368BE80001594FA /* RemoteAssistanceUITests.swift in Sources */,
			);
			runOnlyForDeploymentPostprocessing = 0;
		};
/* End PBXSourcesBuildPhase section */

/* Begin PBXTargetDependency section */
		D7455DCC2368BE7F001594FA /* PBXTargetDependency */ = {
			isa = PBXTargetDependency;
			target = D7455DB32368BE77001594FA /* RemoteAssistance */;
			targetProxy = D7455DCB2368BE7F001594FA /* PBXContainerItemProxy */;
		};
		D7455DD72368BE80001594FA /* PBXTargetDependency */ = {
			isa = PBXTargetDependency;
			target = D7455DB32368BE77001594FA /* RemoteAssistance */;
			targetProxy = D7455DD62368BE80001594FA /* PBXContainerItemProxy */;
		};
/* End PBXTargetDependency section */

/* Begin PBXVariantGroup section */
		D7455DBD2368BE77001594FA /* Main.storyboard */ = {
			isa = PBXVariantGroup;
			children = (
				D7455DBE2368BE77001594FA /* Base */,
			);
			name = Main.storyboard;
			sourceTree = "<group>";
		};
		D7455DC22368BE7F001594FA /* LaunchScreen.storyboard */ = {
			isa = PBXVariantGroup;
			children = (
				D7455DC32368BE7F001594FA /* Base */,
			);
			name = LaunchScreen.storyboard;
			sourceTree = "<group>";
		};
/* End PBXVariantGroup section */

/* Begin XCBuildConfiguration section */
		D7455DDC2368BE80001594FA /* Debug */ = {
			isa = XCBuildConfiguration;
			buildSettings = {
				ALWAYS_SEARCH_USER_PATHS = NO;
				CLANG_ANALYZER_NONNULL = YES;
				CLANG_ANALYZER_NUMBER_OBJECT_CONVERSION = YES_AGGRESSIVE;
				CLANG_CXX_LANGUAGE_STANDARD = "gnu++14";
				CLANG_CXX_LIBRARY = "libc++";
				CLANG_ENABLE_MODULES = YES;
				CLANG_ENABLE_OBJC_ARC = YES;
				CLANG_ENABLE_OBJC_WEAK = YES;
				CLANG_WARN_BLOCK_CAPTURE_AUTORELEASING = YES;
				CLANG_WARN_BOOL_CONVERSION = YES;
				CLANG_WARN_COMMA = YES;
				CLANG_WARN_CONSTANT_CONVERSION = YES;
				CLANG_WARN_DEPRECATED_OBJC_IMPLEMENTATIONS = YES;
				CLANG_WARN_DIRECT_OBJC_ISA_USAGE = YES_ERROR;
				CLANG_WARN_DOCUMENTATION_COMMENTS = YES;
				CLANG_WARN_EMPTY_BODY = YES;
				CLANG_WARN_ENUM_CONVERSION = YES;
				CLANG_WARN_INFINITE_RECURSION = YES;
				CLANG_WARN_INT_CONVERSION = YES;
				CLANG_WARN_NON_LITERAL_NULL_CONVERSION = YES;
				CLANG_WARN_OBJC_IMPLICIT_RETAIN_SELF = YES;
				CLANG_WARN_OBJC_LITERAL_CONVERSION = YES;
				CLANG_WARN_OBJC_ROOT_CLASS = YES_ERROR;
				CLANG_WARN_RANGE_LOOP_ANALYSIS = YES;
				CLANG_WARN_STRICT_PROTOTYPES = YES;
				CLANG_WARN_SUSPICIOUS_MOVE = YES;
				CLANG_WARN_UNGUARDED_AVAILABILITY = YES_AGGRESSIVE;
				CLANG_WARN_UNREACHABLE_CODE = YES;
				CLANG_WARN__DUPLICATE_METHOD_MATCH = YES;
				COPY_PHASE_STRIP = NO;
				DEBUG_INFORMATION_FORMAT = dwarf;
				ENABLE_STRICT_OBJC_MSGSEND = YES;
				ENABLE_TESTABILITY = YES;
				GCC_C_LANGUAGE_STANDARD = gnu11;
				GCC_DYNAMIC_NO_PIC = NO;
				GCC_NO_COMMON_BLOCKS = YES;
				GCC_OPTIMIZATION_LEVEL = 0;
				GCC_PREPROCESSOR_DEFINITIONS = (
					"DEBUG=1",
					"$(inherited)",
				);
				GCC_WARN_64_TO_32_BIT_CONVERSION = YES;
				GCC_WARN_ABOUT_RETURN_TYPE = YES_ERROR;
				GCC_WARN_UNDECLARED_SELECTOR = YES;
				GCC_WARN_UNINITIALIZED_AUTOS = YES_AGGRESSIVE;
				GCC_WARN_UNUSED_FUNCTION = YES;
				GCC_WARN_UNUSED_VARIABLE = YES;
				IPHONEOS_DEPLOYMENT_TARGET = 13.1;
				MTL_ENABLE_DEBUG_INFO = INCLUDE_SOURCE;
				MTL_FAST_MATH = YES;
				ONLY_ACTIVE_ARCH = YES;
				SDKROOT = iphoneos;
				SWIFT_ACTIVE_COMPILATION_CONDITIONS = DEBUG;
				SWIFT_OPTIMIZATION_LEVEL = "-Onone";
			};
			name = Debug;
		};
		D7455DDD2368BE80001594FA /* Release */ = {
			isa = XCBuildConfiguration;
			buildSettings = {
				ALWAYS_SEARCH_USER_PATHS = NO;
				CLANG_ANALYZER_NONNULL = YES;
				CLANG_ANALYZER_NUMBER_OBJECT_CONVERSION = YES_AGGRESSIVE;
				CLANG_CXX_LANGUAGE_STANDARD = "gnu++14";
				CLANG_CXX_LIBRARY = "libc++";
				CLANG_ENABLE_MODULES = YES;
				CLANG_ENABLE_OBJC_ARC = YES;
				CLANG_ENABLE_OBJC_WEAK = YES;
				CLANG_WARN_BLOCK_CAPTURE_AUTORELEASING = YES;
				CLANG_WARN_BOOL_CONVERSION = YES;
				CLANG_WARN_COMMA = YES;
				CLANG_WARN_CONSTANT_CONVERSION = YES;
				CLANG_WARN_DEPRECATED_OBJC_IMPLEMENTATIONS = YES;
				CLANG_WARN_DIRECT_OBJC_ISA_USAGE = YES_ERROR;
				CLANG_WARN_DOCUMENTATION_COMMENTS = YES;
				CLANG_WARN_EMPTY_BODY = YES;
				CLANG_WARN_ENUM_CONVERSION = YES;
				CLANG_WARN_INFINITE_RECURSION = YES;
				CLANG_WARN_INT_CONVERSION = YES;
				CLANG_WARN_NON_LITERAL_NULL_CONVERSION = YES;
				CLANG_WARN_OBJC_IMPLICIT_RETAIN_SELF = YES;
				CLANG_WARN_OBJC_LITERAL_CONVERSION = YES;
				CLANG_WARN_OBJC_ROOT_CLASS = YES_ERROR;
				CLANG_WARN_RANGE_LOOP_ANALYSIS = YES;
				CLANG_WARN_STRICT_PROTOTYPES = YES;
				CLANG_WARN_SUSPICIOUS_MOVE = YES;
				CLANG_WARN_UNGUARDED_AVAILABILITY = YES_AGGRESSIVE;
				CLANG_WARN_UNREACHABLE_CODE = YES;
				CLANG_WARN__DUPLICATE_METHOD_MATCH = YES;
				COPY_PHASE_STRIP = NO;
				DEBUG_INFORMATION_FORMAT = "dwarf-with-dsym";
				ENABLE_NS_ASSERTIONS = NO;
				ENABLE_STRICT_OBJC_MSGSEND = YES;
				GCC_C_LANGUAGE_STANDARD = gnu11;
				GCC_NO_COMMON_BLOCKS = YES;
				GCC_WARN_64_TO_32_BIT_CONVERSION = YES;
				GCC_WARN_ABOUT_RETURN_TYPE = YES_ERROR;
				GCC_WARN_UNDECLARED_SELECTOR = YES;
				GCC_WARN_UNINITIALIZED_AUTOS = YES_AGGRESSIVE;
				GCC_WARN_UNUSED_FUNCTION = YES;
				GCC_WARN_UNUSED_VARIABLE = YES;
				IPHONEOS_DEPLOYMENT_TARGET = 13.1;
				MTL_ENABLE_DEBUG_INFO = NO;
				MTL_FAST_MATH = YES;
				SDKROOT = iphoneos;
				SWIFT_COMPILATION_MODE = wholemodule;
				SWIFT_OPTIMIZATION_LEVEL = "-O";
				VALIDATE_PRODUCT = YES;
			};
			name = Release;
		};
		D7455DDF2368BE80001594FA /* Debug */ = {
			isa = XCBuildConfiguration;
			baseConfigurationReference = 9AD6A81BBB56BA422FCA4EEC /* Pods-RemoteAssistance.debug.xcconfig */;
			buildSettings = {
				ASSETCATALOG_COMPILER_APPICON_NAME = AppIcon;
				CODE_SIGN_STYLE = Automatic;
				DEVELOPMENT_TEAM = 6FE4WE8E4U;
				ENABLE_BITCODE = NO;
				FRAMEWORK_SEARCH_PATHS = (
					"$(inherited)",
					"$(PROJECT_DIR)/RemoteAssistance/Frameworks",
				);
				INFOPLIST_FILE = RemoteAssistance/Info.plist;
				LD_RUNPATH_SEARCH_PATHS = (
					"$(inherited)",
					"@executable_path/Frameworks",
				);
				PRODUCT_BUNDLE_IDENTIFIER = com.fxpal.RemoteAssistance;
				PRODUCT_NAME = "$(TARGET_NAME)";
				SWIFT_OBJC_BRIDGING_HEADER = "RemoteAssistance/Bridging-Header.h";
				SWIFT_VERSION = 5.0;
				TARGETED_DEVICE_FAMILY = "1,2";
			};
			name = Debug;
		};
		D7455DE02368BE80001594FA /* Release */ = {
			isa = XCBuildConfiguration;
			baseConfigurationReference = E2F10D05D152079F7937DA3B /* Pods-RemoteAssistance.release.xcconfig */;
			buildSettings = {
				ASSETCATALOG_COMPILER_APPICON_NAME = AppIcon;
				CODE_SIGN_STYLE = Automatic;
				DEVELOPMENT_TEAM = 6FE4WE8E4U;
				ENABLE_BITCODE = NO;
				FRAMEWORK_SEARCH_PATHS = (
					"$(inherited)",
					"$(PROJECT_DIR)/RemoteAssistance/Frameworks",
				);
				INFOPLIST_FILE = RemoteAssistance/Info.plist;
				LD_RUNPATH_SEARCH_PATHS = (
					"$(inherited)",
					"@executable_path/Frameworks",
				);
				PRODUCT_BUNDLE_IDENTIFIER = com.fxpal.RemoteAssistance;
				PRODUCT_NAME = "$(TARGET_NAME)";
				SWIFT_OBJC_BRIDGING_HEADER = "RemoteAssistance/Bridging-Header.h";
				SWIFT_VERSION = 5.0;
				TARGETED_DEVICE_FAMILY = "1,2";
			};
			name = Release;
		};
		D7455DE22368BE80001594FA /* Debug */ = {
			isa = XCBuildConfiguration;
			buildSettings = {
				ALWAYS_EMBED_SWIFT_STANDARD_LIBRARIES = YES;
				BUNDLE_LOADER = "$(TEST_HOST)";
				CODE_SIGN_STYLE = Automatic;
				DEVELOPMENT_TEAM = 6FE4WE8E4U;
				INFOPLIST_FILE = RemoteAssistanceTests/Info.plist;
				IPHONEOS_DEPLOYMENT_TARGET = 13.1;
				LD_RUNPATH_SEARCH_PATHS = (
					"$(inherited)",
					"@executable_path/Frameworks",
					"@loader_path/Frameworks",
				);
				PRODUCT_BUNDLE_IDENTIFIER = com.fxpal.RemoteAssistanceTests;
				PRODUCT_NAME = "$(TARGET_NAME)";
				SWIFT_VERSION = 5.0;
				TARGETED_DEVICE_FAMILY = "1,2";
				TEST_HOST = "$(BUILT_PRODUCTS_DIR)/RemoteAssistance.app/RemoteAssistance";
			};
			name = Debug;
		};
		D7455DE32368BE80001594FA /* Release */ = {
			isa = XCBuildConfiguration;
			buildSettings = {
				ALWAYS_EMBED_SWIFT_STANDARD_LIBRARIES = YES;
				BUNDLE_LOADER = "$(TEST_HOST)";
				CODE_SIGN_STYLE = Automatic;
				DEVELOPMENT_TEAM = 6FE4WE8E4U;
				INFOPLIST_FILE = RemoteAssistanceTests/Info.plist;
				IPHONEOS_DEPLOYMENT_TARGET = 13.1;
				LD_RUNPATH_SEARCH_PATHS = (
					"$(inherited)",
					"@executable_path/Frameworks",
					"@loader_path/Frameworks",
				);
				PRODUCT_BUNDLE_IDENTIFIER = com.fxpal.RemoteAssistanceTests;
				PRODUCT_NAME = "$(TARGET_NAME)";
				SWIFT_VERSION = 5.0;
				TARGETED_DEVICE_FAMILY = "1,2";
				TEST_HOST = "$(BUILT_PRODUCTS_DIR)/RemoteAssistance.app/RemoteAssistance";
			};
			name = Release;
		};
		D7455DE52368BE80001594FA /* Debug */ = {
			isa = XCBuildConfiguration;
			buildSettings = {
				ALWAYS_EMBED_SWIFT_STANDARD_LIBRARIES = YES;
				CODE_SIGN_STYLE = Automatic;
				DEVELOPMENT_TEAM = 6FE4WE8E4U;
				INFOPLIST_FILE = RemoteAssistanceUITests/Info.plist;
				LD_RUNPATH_SEARCH_PATHS = (
					"$(inherited)",
					"@executable_path/Frameworks",
					"@loader_path/Frameworks",
				);
				PRODUCT_BUNDLE_IDENTIFIER = com.fxpal.RemoteAssistanceUITests;
				PRODUCT_NAME = "$(TARGET_NAME)";
				SWIFT_VERSION = 5.0;
				TARGETED_DEVICE_FAMILY = "1,2";
				TEST_TARGET_NAME = RemoteAssistance;
			};
			name = Debug;
		};
		D7455DE62368BE80001594FA /* Release */ = {
			isa = XCBuildConfiguration;
			buildSettings = {
				ALWAYS_EMBED_SWIFT_STANDARD_LIBRARIES = YES;
				CODE_SIGN_STYLE = Automatic;
				DEVELOPMENT_TEAM = 6FE4WE8E4U;
				INFOPLIST_FILE = RemoteAssistanceUITests/Info.plist;
				LD_RUNPATH_SEARCH_PATHS = (
					"$(inherited)",
					"@executable_path/Frameworks",
					"@loader_path/Frameworks",
				);
				PRODUCT_BUNDLE_IDENTIFIER = com.fxpal.RemoteAssistanceUITests;
				PRODUCT_NAME = "$(TARGET_NAME)";
				SWIFT_VERSION = 5.0;
				TARGETED_DEVICE_FAMILY = "1,2";
				TEST_TARGET_NAME = RemoteAssistance;
			};
			name = Release;
		};
/* End XCBuildConfiguration section */

/* Begin XCConfigurationList section */
		D7455DAF2368BE77001594FA /* Build configuration list for PBXProject "RemoteAssistance" */ = {
			isa = XCConfigurationList;
			buildConfigurations = (
				D7455DDC2368BE80001594FA /* Debug */,
				D7455DDD2368BE80001594FA /* Release */,
			);
			defaultConfigurationIsVisible = 0;
			defaultConfigurationName = Release;
		};
		D7455DDE2368BE80001594FA /* Build configuration list for PBXNativeTarget "RemoteAssistance" */ = {
			isa = XCConfigurationList;
			buildConfigurations = (
				D7455DDF2368BE80001594FA /* Debug */,
				D7455DE02368BE80001594FA /* Release */,
			);
			defaultConfigurationIsVisible = 0;
			defaultConfigurationName = Release;
		};
		D7455DE12368BE80001594FA /* Build configuration list for PBXNativeTarget "RemoteAssistanceTests" */ = {
			isa = XCConfigurationList;
			buildConfigurations = (
				D7455DE22368BE80001594FA /* Debug */,
				D7455DE32368BE80001594FA /* Release */,
			);
			defaultConfigurationIsVisible = 0;
			defaultConfigurationName = Release;
		};
		D7455DE42368BE80001594FA /* Build configuration list for PBXNativeTarget "RemoteAssistanceUITests" */ = {
			isa = XCConfigurationList;
			buildConfigurations = (
				D7455DE52368BE80001594FA /* Debug */,
				D7455DE62368BE80001594FA /* Release */,
			);
			defaultConfigurationIsVisible = 0;
			defaultConfigurationName = Release;
		};
/* End XCConfigurationList section */
	};
	rootObject = D7455DAC2368BE77001594FA /* Project object */;
}
